
Microsoft Visual Studio Solution File, Format Version 12.00
# Visual Studio Version 17
VisualStudioVersion = 17.2.32616.157
MinimumVisualStudioVersion = 10.0.40219.1
Project("{FAE04EC0-301F-11D3-BF4B-00C04F79EFBC}") = "kata", "kata\kata.csproj", "{EC61882A-53BB-4457-A2DC-B3FF58BBD51C}"
EndProject
Project("{FAE04EC0-301F-11D3-BF4B-00C04F79EFBC}") = "kata.test", "kata.test\kata.test.csproj", "{3B105B53-C3CE-489F-87A0-F598402478B0}"
EndProject
Global
	GlobalSection(SolutionConfigurationPlatforms) = preSolution
		Debug|Any CPU = Debug|Any CPU
		Release|Any CPU = Release|Any CPU
	EndGlobalSection
	GlobalSection(ProjectConfigurationPlatforms) = postSolution
		{EC61882A-53BB-4457-A2DC-B3FF58BBD51C}.Debug|Any CPU.ActiveCfg = Debug|Any CPU
		{EC61882A-53BB-4457-A2DC-B3FF58BBD51C}.Debug|Any CPU.Build.0 = Debug|Any CPU
		{EC61882A-53BB-4457-A2DC-B3FF58BBD51C}.Release|Any CPU.ActiveCfg = Release|Any CPU
		{EC61882A-53BB-4457-A2DC-B3FF58BBD51C}.Release|Any CPU.Build.0 = Release|Any CPU
		{3B105B53-C3CE-489F-87A0-F598402478B0}.Debug|Any CPU.ActiveCfg = Debug|Any CPU
		{3B105B53-C3CE-489F-87A0-F598402478B0}.Debug|Any CPU.Build.0 = Debug|Any CPU
		{3B105B53-C3CE-489F-87A0-F598402478B0}.Release|Any CPU.ActiveCfg = Release|Any CPU
		{3B105B53-C3CE-489F-87A0-F598402478B0}.Release|Any CPU.Build.0 = Release|Any CPU
	EndGlobalSection
	GlobalSection(SolutionProperties) = preSolution
		HideSolutionNode = FALSE
	EndGlobalSection
	GlobalSection(ExtensibilityGlobals) = postSolution
		SolutionGuid = {851DE22B-175B-49B5-A305-AE60CABCACB5}
	EndGlobalSection
EndGlobal
